// !$*UTF8*$!
{
	archiveVersion = 1;
	classes = {
	};
	objectVersion = 50;
	objects = {

/* Begin PBXBuildFile section */
		4FFF882221EC4B6400330E38 /* AppDelegate.swift in Sources */ = {isa = PBXBuildFile; fileRef = 4FFF882121EC4B6400330E38 /* AppDelegate.swift */; };
		4FFF882421EC4B6400330E38 /* ViewController.swift in Sources */ = {isa = PBXBuildFile; fileRef = 4FFF882321EC4B6400330E38 /* ViewController.swift */; };
		4FFF882721EC4B6400330E38 /* Main.storyboard in Resources */ = {isa = PBXBuildFile; fileRef = 4FFF882521EC4B6400330E38 /* Main.storyboard */; };
		4FFF882921EC4B6500330E38 /* Assets.xcassets in Resources */ = {isa = PBXBuildFile; fileRef = 4FFF882821EC4B6500330E38 /* Assets.xcassets */; };
		4FFF882C21EC4B6500330E38 /* LaunchScreen.storyboard in Resources */ = {isa = PBXBuildFile; fileRef = 4FFF882A21EC4B6500330E38 /* LaunchScreen.storyboard */; };
		4FFF883721EC4B6500330E38 /* GeoStatsTests.swift in Sources */ = {isa = PBXBuildFile; fileRef = 4FFF883621EC4B6500330E38 /* GeoStatsTests.swift */; };
		4FFF884221EC4B6500330E38 /* GeoStatsUITests.swift in Sources */ = {isa = PBXBuildFile; fileRef = 4FFF884121EC4B6500330E38 /* GeoStatsUITests.swift */; };
/* End PBXBuildFile section */

/* Begin PBXContainerItemProxy section */
		4FFF883321EC4B6500330E38 /* PBXContainerItemProxy */ = {
			isa = PBXContainerItemProxy;
			containerPortal = 4FFF881621EC4B6400330E38 /* Project object */;
			proxyType = 1;
			remoteGlobalIDString = 4FFF881D21EC4B6400330E38;
			remoteInfo = GeoStats;
		};
		4FFF883E21EC4B6500330E38 /* PBXContainerItemProxy */ = {
			isa = PBXContainerItemProxy;
			containerPortal = 4FFF881621EC4B6400330E38 /* Project object */;
			proxyType = 1;
			remoteGlobalIDString = 4FFF881D21EC4B6400330E38;
			remoteInfo = GeoStats;
		};
/* End PBXContainerItemProxy section */

/* Begin PBXFileReference section */
		4FFF881E21EC4B6400330E38 /* GeoStats.app */ = {isa = PBXFileReference; explicitFileType = wrapper.application; includeInIndex = 0; path = GeoStats.app; sourceTree = BUILT_PRODUCTS_DIR; };
		4FFF882121EC4B6400330E38 /* AppDelegate.swift */ = {isa = PBXFileReference; lastKnownFileType = sourcecode.swift; path = AppDelegate.swift; sourceTree = "<group>"; };
		4FFF882321EC4B6400330E38 /* ViewController.swift */ = {isa = PBXFileReference; lastKnownFileType = sourcecode.swift; path = ViewController.swift; sourceTree = "<group>"; };
		4FFF882621EC4B6400330E38 /* Base */ = {isa = PBXFileReference; lastKnownFileType = file.storyboard; name = Base; path = Base.lproj/Main.storyboard; sourceTree = "<group>"; };
		4FFF882821EC4B6500330E38 /* Assets.xcassets */ = {isa = PBXFileReference; lastKnownFileType = folder.assetcatalog; path = Assets.xcassets; sourceTree = "<group>"; };
		4FFF882B21EC4B6500330E38 /* Base */ = {isa = PBXFileReference; lastKnownFileType = file.storyboard; name = Base; path = Base.lproj/LaunchScreen.storyboard; sourceTree = "<group>"; };
		4FFF882D21EC4B6500330E38 /* Info.plist */ = {isa = PBXFileReference; lastKnownFileType = text.plist.xml; path = Info.plist; sourceTree = "<group>"; };
		4FFF883221EC4B6500330E38 /* GeoStatsTests.xctest */ = {isa = PBXFileReference; explicitFileType = wrapper.cfbundle; includeInIndex = 0; path = GeoStatsTests.xctest; sourceTree = BUILT_PRODUCTS_DIR; };
		4FFF883621EC4B6500330E38 /* GeoStatsTests.swift */ = {isa = PBXFileReference; lastKnownFileType = sourcecode.swift; path = GeoStatsTests.swift; sourceTree = "<group>"; };
		4FFF883821EC4B6500330E38 /* Info.plist */ = {isa = PBXFileReference; lastKnownFileType = text.plist.xml; path = Info.plist; sourceTree = "<group>"; };
		4FFF883D21EC4B6500330E38 /* GeoStatsUITests.xctest */ = {isa = PBXFileReference; explicitFileType = wrapper.cfbundle; includeInIndex = 0; path = GeoStatsUITests.xctest; sourceTree = BUILT_PRODUCTS_DIR; };
		4FFF884121EC4B6500330E38 /* GeoStatsUITests.swift */ = {isa = PBXFileReference; lastKnownFileType = sourcecode.swift; path = GeoStatsUITests.swift; sourceTree = "<group>"; };
		4FFF884321EC4B6500330E38 /* Info.plist */ = {isa = PBXFileReference; lastKnownFileType = text.plist.xml; path = Info.plist; sourceTree = "<group>"; };
/* End PBXFileReference section */

/* Begin PBXFrameworksBuildPhase section */
		4FFF881B21EC4B6400330E38 /* Frameworks */ = {
			isa = PBXFrameworksBuildPhase;
			buildActionMask = 2147483647;
			files = (
			);
			runOnlyForDeploymentPostprocessing = 0;
		};
		4FFF882F21EC4B6500330E38 /* Frameworks */ = {
			isa = PBXFrameworksBuildPhase;
			buildActionMask = 2147483647;
			files = (
			);
			runOnlyForDeploymentPostprocessing = 0;
		};
		4FFF883A21EC4B6500330E38 /* Frameworks */ = {
			isa = PBXFrameworksBuildPhase;
			buildActionMask = 2147483647;
			files = (
			);
			runOnlyForDeploymentPostprocessing = 0;
		};
/* End PBXFrameworksBuildPhase section */

/* Begin PBXGroup section */
		4FFF881521EC4B6400330E38 = {
			isa = PBXGroup;
			children = (
				4FFF882021EC4B6400330E38 /* GeoStats */,
				4FFF883521EC4B6500330E38 /* GeoStatsTests */,
				4FFF884021EC4B6500330E38 /* GeoStatsUITests */,
				4FFF881F21EC4B6400330E38 /* Products */,
			);
			sourceTree = "<group>";
		};
		4FFF881F21EC4B6400330E38 /* Products */ = {
			isa = PBXGroup;
			children = (
				4FFF881E21EC4B6400330E38 /* GeoStats.app */,
				4FFF883221EC4B6500330E38 /* GeoStatsTests.xctest */,
				4FFF883D21EC4B6500330E38 /* GeoStatsUITests.xctest */,
			);
			name = Products;
			sourceTree = "<group>";
		};
		4FFF882021EC4B6400330E38 /* GeoStats */ = {
			isa = PBXGroup;
			children = (
				4FFF882121EC4B6400330E38 /* AppDelegate.swift */,
				4FFF882321EC4B6400330E38 /* ViewController.swift */,
				4FFF882521EC4B6400330E38 /* Main.storyboard */,
				4FFF882821EC4B6500330E38 /* Assets.xcassets */,
				4FFF882A21EC4B6500330E38 /* LaunchScreen.storyboard */,
				4FFF882D21EC4B6500330E38 /* Info.plist */,
			);
			path = GeoStats;
			sourceTree = "<group>";
		};
		4FFF883521EC4B6500330E38 /* GeoStatsTests */ = {
			isa = PBXGroup;
			children = (
				4FFF883621EC4B6500330E38 /* GeoStatsTests.swift */,
				4FFF883821EC4B6500330E38 /* Info.plist */,
			);
			path = GeoStatsTests;
			sourceTree = "<group>";
		};
		4FFF884021EC4B6500330E38 /* GeoStatsUITests */ = {
			isa = PBXGroup;
			children = (
				4FFF884121EC4B6500330E38 /* GeoStatsUITests.swift */,
				4FFF884321EC4B6500330E38 /* Info.plist */,
			);
			path = GeoStatsUITests;
			sourceTree = "<group>";
		};
/* End PBXGroup section */

/* Begin PBXNativeTarget section */
		4FFF881D21EC4B6400330E38 /* GeoStats */ = {
			isa = PBXNativeTarget;
			buildConfigurationList = 4FFF884621EC4B6500330E38 /* Build configuration list for PBXNativeTarget "GeoStats" */;
			buildPhases = (
				4FFF881A21EC4B6400330E38 /* Sources */,
				4FFF881B21EC4B6400330E38 /* Frameworks */,
				4FFF881C21EC4B6400330E38 /* Resources */,
			);
			buildRules = (
			);
			dependencies = (
			);
			name = GeoStats;
			productName = GeoStats;
			productReference = 4FFF881E21EC4B6400330E38 /* GeoStats.app */;
			productType = "com.apple.product-type.application";
		};
		4FFF883121EC4B6500330E38 /* GeoStatsTests */ = {
			isa = PBXNativeTarget;
			buildConfigurationList = 4FFF884921EC4B6500330E38 /* Build configuration list for PBXNativeTarget "GeoStatsTests" */;
			buildPhases = (
				4FFF882E21EC4B6500330E38 /* Sources */,
				4FFF882F21EC4B6500330E38 /* Frameworks */,
				4FFF883021EC4B6500330E38 /* Resources */,
			);
			buildRules = (
			);
			dependencies = (
				4FFF883421EC4B6500330E38 /* PBXTargetDependency */,
			);
			name = GeoStatsTests;
			productName = GeoStatsTests;
			productReference = 4FFF883221EC4B6500330E38 /* GeoStatsTests.xctest */;
			productType = "com.apple.product-type.bundle.unit-test";
		};
		4FFF883C21EC4B6500330E38 /* GeoStatsUITests */ = {
			isa = PBXNativeTarget;
			buildConfigurationList = 4FFF884C21EC4B6500330E38 /* Build configuration list for PBXNativeTarget "GeoStatsUITests" */;
			buildPhases = (
				4FFF883921EC4B6500330E38 /* Sources */,
				4FFF883A21EC4B6500330E38 /* Frameworks */,
				4FFF883B21EC4B6500330E38 /* Resources */,
			);
			buildRules = (
			);
			dependencies = (
				4FFF883F21EC4B6500330E38 /* PBXTargetDependency */,
			);
			name = GeoStatsUITests;
			productName = GeoStatsUITests;
			productReference = 4FFF883D21EC4B6500330E38 /* GeoStatsUITests.xctest */;
			productType = "com.apple.product-type.bundle.ui-testing";
		};
/* End PBXNativeTarget section */

/* Begin PBXProject section */
		4FFF881621EC4B6400330E38 /* Project object */ = {
			isa = PBXProject;
			attributes = {
				LastSwiftUpdateCheck = 1010;
				LastUpgradeCheck = 1010;
				ORGANIZATIONNAME = "Victor Hawley Jr.";
				TargetAttributes = {
					4FFF881D21EC4B6400330E38 = {
						CreatedOnToolsVersion = 10.1;
					};
					4FFF883121EC4B6500330E38 = {
						CreatedOnToolsVersion = 10.1;
						TestTargetID = 4FFF881D21EC4B6400330E38;
					};
					4FFF883C21EC4B6500330E38 = {
						CreatedOnToolsVersion = 10.1;
						TestTargetID = 4FFF881D21EC4B6400330E38;
					};
				};
			};
			buildConfigurationList = 4FFF881921EC4B6400330E38 /* Build configuration list for PBXProject "GeoStats" */;
			compatibilityVersion = "Xcode 9.3";
			developmentRegion = en;
			hasScannedForEncodings = 0;
			knownRegions = (
				en,
				Base,
			);
			mainGroup = 4FFF881521EC4B6400330E38;
			productRefGroup = 4FFF881F21EC4B6400330E38 /* Products */;
			projectDirPath = "";
			projectRoot = "";
			targets = (
				4FFF881D21EC4B6400330E38 /* GeoStats */,
				4FFF883121EC4B6500330E38 /* GeoStatsTests */,
				4FFF883C21EC4B6500330E38 /* GeoStatsUITests */,
			);
		};
/* End PBXProject section */

/* Begin PBXResourcesBuildPhase section */
		4FFF881C21EC4B6400330E38 /* Resources */ = {
			isa = PBXResourcesBuildPhase;
			buildActionMask = 2147483647;
			files = (
				4FFF882C21EC4B6500330E38 /* LaunchScreen.storyboard in Resources */,
				4FFF882921EC4B6500330E38 /* Assets.xcassets in Resources */,
				4FFF882721EC4B6400330E38 /* Main.storyboard in Resources */,
			);
			runOnlyForDeploymentPostprocessing = 0;
		};
		4FFF883021EC4B6500330E38 /* Resources */ = {
			isa = PBXResourcesBuildPhase;
			buildActionMask = 2147483647;
			files = (
			);
			runOnlyForDeploymentPostprocessing = 0;
		};
		4FFF883B21EC4B6500330E38 /* Resources */ = {
			isa = PBXResourcesBuildPhase;
			buildActionMask = 2147483647;
			files = (
			);
			runOnlyForDeploymentPostprocessing = 0;
		};
/* End PBXResourcesBuildPhase section */

/* Begin PBXSourcesBuildPhase section */
		4FFF881A21EC4B6400330E38 /* Sources */ = {
			isa = PBXSourcesBuildPhase;
			buildActionMask = 2147483647;
			files = (
				4FFF882421EC4B6400330E38 /* ViewController.swift in Sources */,
				4FFF882221EC4B6400330E38 /* AppDelegate.swift in Sources */,
			);
			runOnlyForDeploymentPostprocessing = 0;
		};
		4FFF882E21EC4B6500330E38 /* Sources */ = {
			isa = PBXSourcesBuildPhase;
			buildActionMask = 2147483647;
			files = (
				4FFF883721EC4B6500330E38 /* GeoStatsTests.swift in Sources */,
			);
			runOnlyForDeploymentPostprocessing = 0;
		};
		4FFF883921EC4B6500330E38 /* Sources */ = {
			isa = PBXSourcesBuildPhase;
			buildActionMask = 2147483647;
			files = (
				4FFF884221EC4B6500330E38 /* GeoStatsUITests.swift in Sources */,
			);
			runOnlyForDeploymentPostprocessing = 0;
		};
/* End PBXSourcesBuildPhase section */

/* Begin PBXTargetDependency section */
		4FFF883421EC4B6500330E38 /* PBXTargetDependency */ = {
			isa = PBXTargetDependency;
			target = 4FFF881D21EC4B6400330E38 /* GeoStats */;
			targetProxy = 4FFF883321EC4B6500330E38 /* PBXContainerItemProxy */;
		};
		4FFF883F21EC4B6500330E38 /* PBXTargetDependency */ = {
			isa = PBXTargetDependency;
			target = 4FFF881D21EC4B6400330E38 /* GeoStats */;
			targetProxy = 4FFF883E21EC4B6500330E38 /* PBXContainerItemProxy */;
		};
/* End PBXTargetDependency section */

/* Begin PBXVariantGroup section */
		4FFF882521EC4B6400330E38 /* Main.storyboard */ = {
			isa = PBXVariantGroup;
			children = (
				4FFF882621EC4B6400330E38 /* Base */,
			);
			name = Main.storyboard;
			sourceTree = "<group>";
		};
		4FFF882A21EC4B6500330E38 /* LaunchScreen.storyboard */ = {
			isa = PBXVariantGroup;
			children = (
				4FFF882B21EC4B6500330E38 /* Base */,
			);
			name = LaunchScreen.storyboard;
			sourceTree = "<group>";
		};
/* End PBXVariantGroup section */

/* Begin XCBuildConfiguration section */
		4FFF884421EC4B6500330E38 /* Debug */ = {
			isa = XCBuildConfiguration;
			buildSettings = {
				ALWAYS_SEARCH_USER_PATHS = NO;
				CLANG_ANALYZER_NONNULL = YES;
				CLANG_ANALYZER_NUMBER_OBJECT_CONVERSION = YES_AGGRESSIVE;
				CLANG_CXX_LANGUAGE_STANDARD = "gnu++14";
				CLANG_CXX_LIBRARY = "libc++";
				CLANG_ENABLE_MODULES = YES;
				CLANG_ENABLE_OBJC_ARC = YES;
				CLANG_ENABLE_OBJC_WEAK = YES;
				CLANG_WARN_BLOCK_CAPTURE_AUTORELEASING = YES;
				CLANG_WARN_BOOL_CONVERSION = YES;
				CLANG_WARN_COMMA = YES;
				CLANG_WARN_CONSTANT_CONVERSION = YES;
				CLANG_WARN_DEPRECATED_OBJC_IMPLEMENTATIONS = YES;
				CLANG_WARN_DIRECT_OBJC_ISA_USAGE = YES_ERROR;
				CLANG_WARN_DOCUMENTATION_COMMENTS = YES;
				CLANG_WARN_EMPTY_BODY = YES;
				CLANG_WARN_ENUM_CONVERSION = YES;
				CLANG_WARN_INFINITE_RECURSION = YES;
				CLANG_WARN_INT_CONVERSION = YES;
				CLANG_WARN_NON_LITERAL_NULL_CONVERSION = YES;
				CLANG_WARN_OBJC_IMPLICIT_RETAIN_SELF = YES;
				CLANG_WARN_OBJC_LITERAL_CONVERSION = YES;
				CLANG_WARN_OBJC_ROOT_CLASS = YES_ERROR;
				CLANG_WARN_RANGE_LOOP_ANALYSIS = YES;
				CLANG_WARN_STRICT_PROTOTYPES = YES;
				CLANG_WARN_SUSPICIOUS_MOVE = YES;
				CLANG_WARN_UNGUARDED_AVAILABILITY = YES_AGGRESSIVE;
				CLANG_WARN_UNREACHABLE_CODE = YES;
				CLANG_WARN__DUPLICATE_METHOD_MATCH = YES;
				CODE_SIGN_IDENTITY = "iPhone Developer";
				COPY_PHASE_STRIP = NO;
				DEBUG_INFORMATION_FORMAT = dwarf;
				ENABLE_STRICT_OBJC_MSGSEND = YES;
				ENABLE_TESTABILITY = YES;
				GCC_C_LANGUAGE_STANDARD = gnu11;
				GCC_DYNAMIC_NO_PIC = NO;
				GCC_NO_COMMON_BLOCKS = YES;
				GCC_OPTIMIZATION_LEVEL = 0;
				GCC_PREPROCESSOR_DEFINITIONS = (
					"DEBUG=1",
					"$(inherited)",
				);
				GCC_WARN_64_TO_32_BIT_CONVERSION = YES;
				GCC_WARN_ABOUT_RETURN_TYPE = YES_ERROR;
				GCC_WARN_UNDECLARED_SELECTOR = YES;
				GCC_WARN_UNINITIALIZED_AUTOS = YES_AGGRESSIVE;
				GCC_WARN_UNUSED_FUNCTION = YES;
				GCC_WARN_UNUSED_VARIABLE = YES;
				IPHONEOS_DEPLOYMENT_TARGET = 12.1;
				MTL_ENABLE_DEBUG_INFO = INCLUDE_SOURCE;
				MTL_FAST_MATH = YES;
				ONLY_ACTIVE_ARCH = YES;
				SDKROOT = iphoneos;
				SWIFT_ACTIVE_COMPILATION_CONDITIONS = DEBUG;
				SWIFT_OPTIMIZATION_LEVEL = "-Onone";
			};
			name = Debug;
		};
		4FFF884521EC4B6500330E38 /* Release */ = {
			isa = XCBuildConfiguration;
			buildSettings = {
				ALWAYS_SEARCH_USER_PATHS = NO;
				CLANG_ANALYZER_NONNULL = YES;
				CLANG_ANALYZER_NUMBER_OBJECT_CONVERSION = YES_AGGRESSIVE;
				CLANG_CXX_LANGUAGE_STANDARD = "gnu++14";
				CLANG_CXX_LIBRARY = "libc++";
				CLANG_ENABLE_MODULES = YES;
				CLANG_ENABLE_OBJC_ARC = YES;
				CLANG_ENABLE_OBJC_WEAK = YES;
				CLANG_WARN_BLOCK_CAPTURE_AUTORELEASING = YES;
				CLANG_WARN_BOOL_CONVERSION = YES;
				CLANG_WARN_COMMA = YES;
				CLANG_WARN_CONSTANT_CONVERSION = YES;
				CLANG_WARN_DEPRECATED_OBJC_IMPLEMENTATIONS = YES;
				CLANG_WARN_DIRECT_OBJC_ISA_USAGE = YES_ERROR;
				CLANG_WARN_DOCUMENTATION_COMMENTS = YES;
				CLANG_WARN_EMPTY_BODY = YES;
				CLANG_WARN_ENUM_CONVERSION = YES;
				CLANG_WARN_INFINITE_RECURSION = YES;
				CLANG_WARN_INT_CONVERSION = YES;
				CLANG_WARN_NON_LITERAL_NULL_CONVERSION = YES;
				CLANG_WARN_OBJC_IMPLICIT_RETAIN_SELF = YES;
				CLANG_WARN_OBJC_LITERAL_CONVERSION = YES;
				CLANG_WARN_OBJC_ROOT_CLASS = YES_ERROR;
				CLANG_WARN_RANGE_LOOP_ANALYSIS = YES;
				CLANG_WARN_STRICT_PROTOTYPES = YES;
				CLANG_WARN_SUSPICIOUS_MOVE = YES;
				CLANG_WARN_UNGUARDED_AVAILABILITY = YES_AGGRESSIVE;
				CLANG_WARN_UNREACHABLE_CODE = YES;
				CLANG_WARN__DUPLICATE_METHOD_MATCH = YES;
				CODE_SIGN_IDENTITY = "iPhone Developer";
				COPY_PHASE_STRIP = NO;
				DEBUG_INFORMATION_FORMAT = "dwarf-with-dsym";
				ENABLE_NS_ASSERTIONS = NO;
				ENABLE_STRICT_OBJC_MSGSEND = YES;
				GCC_C_LANGUAGE_STANDARD = gnu11;
				GCC_NO_COMMON_BLOCKS = YES;
				GCC_WARN_64_TO_32_BIT_CONVERSION = YES;
				GCC_WARN_ABOUT_RETURN_TYPE = YES_ERROR;
				GCC_WARN_UNDECLARED_SELECTOR = YES;
				GCC_WARN_UNINITIALIZED_AUTOS = YES_AGGRESSIVE;
				GCC_WARN_UNUSED_FUNCTION = YES;
				GCC_WARN_UNUSED_VARIABLE = YES;
				IPHONEOS_DEPLOYMENT_TARGET = 12.1;
				MTL_ENABLE_DEBUG_INFO = NO;
				MTL_FAST_MATH = YES;
				SDKROOT = iphoneos;
				SWIFT_COMPILATION_MODE = wholemodule;
				SWIFT_OPTIMIZATION_LEVEL = "-O";
				VALIDATE_PRODUCT = YES;
			};
			name = Release;
		};
		4FFF884721EC4B6500330E38 /* Debug */ = {
			isa = XCBuildConfiguration;
			buildSettings = {
				ASSETCATALOG_COMPILER_APPICON_NAME = AppIcon;
				CODE_SIGN_STYLE = Automatic;
				DEVELOPMENT_TEAM = BB2AH2M4EL;
				INFOPLIST_FILE = GeoStats/Info.plist;
				LD_RUNPATH_SEARCH_PATHS = (
					"$(inherited)",
					"@executable_path/Frameworks",
				);
				PRODUCT_BUNDLE_IDENTIFIER = com.victorhawleyjr.GeoStats;
				PRODUCT_NAME = "$(TARGET_NAME)";
				SWIFT_VERSION = 4.2;
				TARGETED_DEVICE_FAMILY = "1,2";
			};
			name = Debug;
		};
		4FFF884821EC4B6500330E38 /* Release */ = {
			isa = XCBuildConfiguration;
			buildSettings = {
				ASSETCATALOG_COMPILER_APPICON_NAME = AppIcon;
				CODE_SIGN_STYLE = Automatic;
				DEVELOPMENT_TEAM = BB2AH2M4EL;
				INFOPLIST_FILE = GeoStats/Info.plist;
				LD_RUNPATH_SEARCH_PATHS = (
					"$(inherited)",
					"@executable_path/Frameworks",
				);
				PRODUCT_BUNDLE_IDENTIFIER = com.victorhawleyjr.GeoStats;
				PRODUCT_NAME = "$(TARGET_NAME)";
				SWIFT_VERSION = 4.2;
				TARGETED_DEVICE_FAMILY = "1,2";
			};
			name = Release;
		};
		4FFF884A21EC4B6500330E38 /* Debug */ = {
			isa = XCBuildConfiguration;
			buildSettings = {
				ALWAYS_EMBED_SWIFT_STANDARD_LIBRARIES = YES;
				BUNDLE_LOADER = "$(TEST_HOST)";
				CODE_SIGN_STYLE = Automatic;
				DEVELOPMENT_TEAM = BB2AH2M4EL;
				INFOPLIST_FILE = GeoStatsTests/Info.plist;
				LD_RUNPATH_SEARCH_PATHS = (
					"$(inherited)",
					"@executable_path/Frameworks",
					"@loader_path/Frameworks",
				);
				PRODUCT_BUNDLE_IDENTIFIER = com.victorhawleyjr.GeoStatsTests;
				PRODUCT_NAME = "$(TARGET_NAME)";
				SWIFT_VERSION = 4.2;
				TARGETED_DEVICE_FAMILY = "1,2";
				TEST_HOST = "$(BUILT_PRODUCTS_DIR)/GeoStats.app/GeoStats";
			};
			name = Debug;
		};
		4FFF884B21EC4B6500330E38 /* Release */ = {
			isa = XCBuildConfiguration;
			buildSettings = {
				ALWAYS_EMBED_SWIFT_STANDARD_LIBRARIES = YES;
				BUNDLE_LOADER = "$(TEST_HOST)";
				CODE_SIGN_STYLE = Automatic;
				DEVELOPMENT_TEAM = BB2AH2M4EL;
				INFOPLIST_FILE = GeoStatsTests/Info.plist;
				LD_RUNPATH_SEARCH_PATHS = (
					"$(inherited)",
					"@executable_path/Frameworks",
					"@loader_path/Frameworks",
				);
				PRODUCT_BUNDLE_IDENTIFIER = com.victorhawleyjr.GeoStatsTests;
				PRODUCT_NAME = "$(TARGET_NAME)";
				SWIFT_VERSION = 4.2;
				TARGETED_DEVICE_FAMILY = "1,2";
				TEST_HOST = "$(BUILT_PRODUCTS_DIR)/GeoStats.app/GeoStats";
			};
			name = Release;
		};
		4FFF884D21EC4B6500330E38 /* Debug */ = {
			isa = XCBuildConfiguration;
			buildSettings = {
				ALWAYS_EMBED_SWIFT_STANDARD_LIBRARIES = YES;
				CODE_SIGN_STYLE = Automatic;
				DEVELOPMENT_TEAM = BB2AH2M4EL;
				INFOPLIST_FILE = GeoStatsUITests/Info.plist;
				LD_RUNPATH_SEARCH_PATHS = (
					"$(inherited)",
					"@executable_path/Frameworks",
					"@loader_path/Frameworks",
				);
				PRODUCT_BUNDLE_IDENTIFIER = com.victorhawleyjr.GeoStatsUITests;
				PRODUCT_NAME = "$(TARGET_NAME)";
				SWIFT_VERSION = 4.2;
				TARGETED_DEVICE_FAMILY = "1,2";
				TEST_TARGET_NAME = GeoStats;
			};
			name = Debug;
		};
		4FFF884E21EC4B6500330E38 /* Release */ = {
			isa = XCBuildConfiguration;
			buildSettings = {
				ALWAYS_EMBED_SWIFT_STANDARD_LIBRARIES = YES;
				CODE_SIGN_STYLE = Automatic;
				DEVELOPMENT_TEAM = BB2AH2M4EL;
				INFOPLIST_FILE = GeoStatsUITests/Info.plist;
				LD_RUNPATH_SEARCH_PATHS = (
					"$(inherited)",
					"@executable_path/Frameworks",
					"@loader_path/Frameworks",
				);
				PRODUCT_BUNDLE_IDENTIFIER = com.victorhawleyjr.GeoStatsUITests;
				PRODUCT_NAME = "$(TARGET_NAME)";
				SWIFT_VERSION = 4.2;
				TARGETED_DEVICE_FAMILY = "1,2";
				TEST_TARGET_NAME = GeoStats;
			};
			name = Release;
		};
/* End XCBuildConfiguration section */

/* Begin XCConfigurationList section */
		4FFF881921EC4B6400330E38 /* Build configuration list for PBXProject "GeoStats" */ = {
			isa = XCConfigurationList;
			buildConfigurations = (
				4FFF884421EC4B6500330E38 /* Debug */,
				4FFF884521EC4B6500330E38 /* Release */,
			);
			defaultConfigurationIsVisible = 0;
			defaultConfigurationName = Release;
		};
		4FFF884621EC4B6500330E38 /* Build configuration list for PBXNativeTarget "GeoStats" */ = {
			isa = XCConfigurationList;
			buildConfigurations = (
				4FFF884721EC4B6500330E38 /* Debug */,
				4FFF884821EC4B6500330E38 /* Release */,
			);
			defaultConfigurationIsVisible = 0;
			defaultConfigurationName = Release;
		};
		4FFF884921EC4B6500330E38 /* Build configuration list for PBXNativeTarget "GeoStatsTests" */ = {
			isa = XCConfigurationList;
			buildConfigurations = (
				4FFF884A21EC4B6500330E38 /* Debug */,
				4FFF884B21EC4B6500330E38 /* Release */,
			);
			defaultConfigurationIsVisible = 0;
			defaultConfigurationName = Release;
		};
		4FFF884C21EC4B6500330E38 /* Build configuration list for PBXNativeTarget "GeoStatsUITests" */ = {
			isa = XCConfigurationList;
			buildConfigurations = (
				4FFF884D21EC4B6500330E38 /* Debug */,
				4FFF884E21EC4B6500330E38 /* Release */,
			);
			defaultConfigurationIsVisible = 0;
			defaultConfigurationName = Release;
		};
/* End XCConfigurationList section */
	};
	rootObject = 4FFF881621EC4B6400330E38 /* Project object */;
}
